
Microsoft Visual Studio Solution File, Format Version 12.00
# Visual Studio 15
VisualStudioVersion = 15.0.28010.2046
MinimumVisualStudioVersion = 10.0.40219.1
Project("{FAE04EC0-301F-11D3-BF4B-00C04F79EFBC}") = "Net.Arqsoft.QsMapper", "src\Net.Arqsoft.QsMapper\Net.Arqsoft.QsMapper.csproj", "{F3E3AED7-30B9-4926-93C0-F4DE41A894CA}"
EndProject
Project("{2150E333-8FDC-42A3-9474-1A3956D46DE8}") = "doc", "doc", "{05D5E4B7-E4E1-4D9D-AB06-340ACDC5DEAF}"
	ProjectSection(SolutionItems) = preProject
		doc\Conventions.md = doc\Conventions.md
		doc\QueryBuilder.md = doc\QueryBuilder.md
		README.md = README.md
	EndProjectSection
EndProject
Project("{FAE04EC0-301F-11D3-BF4B-00C04F79EFBC}") = "Samples", "test\Samples\Samples.csproj", "{C00EB2BE-5EF0-4C9B-B2E0-E651C0F27260}"
EndProject
Global
	GlobalSection(SolutionConfigurationPlatforms) = preSolution
		Debug|Any CPU = Debug|Any CPU
		Debug|x64 = Debug|x64
		Release|Any CPU = Release|Any CPU
		Release|x64 = Release|x64
	EndGlobalSection
	GlobalSection(ProjectConfigurationPlatforms) = postSolution
		{F3E3AED7-30B9-4926-93C0-F4DE41A894CA}.Debug|Any CPU.ActiveCfg = Debug|Any CPU
		{F3E3AED7-30B9-4926-93C0-F4DE41A894CA}.Debug|Any CPU.Build.0 = Debug|Any CPU
		{F3E3AED7-30B9-4926-93C0-F4DE41A894CA}.Debug|x64.ActiveCfg = Debug|x64
		{F3E3AED7-30B9-4926-93C0-F4DE41A894CA}.Debug|x64.Build.0 = Debug|x64
		{F3E3AED7-30B9-4926-93C0-F4DE41A894CA}.Release|Any CPU.ActiveCfg = Release|Any CPU
		{F3E3AED7-30B9-4926-93C0-F4DE41A894CA}.Release|Any CPU.Build.0 = Release|Any CPU
		{F3E3AED7-30B9-4926-93C0-F4DE41A894CA}.Release|x64.ActiveCfg = Release|x64
		{F3E3AED7-30B9-4926-93C0-F4DE41A894CA}.Release|x64.Build.0 = Release|x64
		{C00EB2BE-5EF0-4C9B-B2E0-E651C0F27260}.Debug|Any CPU.ActiveCfg = Debug|Any CPU
		{C00EB2BE-5EF0-4C9B-B2E0-E651C0F27260}.Debug|Any CPU.Build.0 = Debug|Any CPU
		{C00EB2BE-5EF0-4C9B-B2E0-E651C0F27260}.Debug|x64.ActiveCfg = Debug|Any CPU
		{C00EB2BE-5EF0-4C9B-B2E0-E651C0F27260}.Debug|x64.Build.0 = Debug|Any CPU
		{C00EB2BE-5EF0-4C9B-B2E0-E651C0F27260}.Release|Any CPU.ActiveCfg = Release|Any CPU
		{C00EB2BE-5EF0-4C9B-B2E0-E651C0F27260}.Release|Any CPU.Build.0 = Release|Any CPU
		{C00EB2BE-5EF0-4C9B-B2E0-E651C0F27260}.Release|x64.ActiveCfg = Release|Any CPU
		{C00EB2BE-5EF0-4C9B-B2E0-E651C0F27260}.Release|x64.Build.0 = Release|Any CPU
	EndGlobalSection
	GlobalSection(SolutionProperties) = preSolution
		HideSolutionNode = FALSE
	EndGlobalSection
	GlobalSection(ExtensibilityGlobals) = postSolution
		SolutionGuid = {064E2B53-433A-44D7-A626-18DE1DCB8862}
	EndGlobalSection
EndGlobal
